
Microsoft Visual Studio Solution File, Format Version 12.00
# Visual Studio Version 17
VisualStudioVersion = 17.13.35818.85 d17.13
MinimumVisualStudioVersion = 10.0.40219.1
Project("{FAE04EC0-301F-11D3-BF4B-00C04F79EFBC}") = "Cascade", "Cascade.csproj", "{2DF59A5C-BB2D-4F2F-ADB2-E7F8D162BE40}"
EndProject
Global
	GlobalSection(SolutionConfigurationPlatforms) = preSolution
		Debug|Any CPU = Debug|Any CPU
		Release|Any CPU = Release|Any CPU
	EndGlobalSection
	GlobalSection(ProjectConfigurationPlatforms) = postSolution
		{2DF59A5C-BB2D-4F2F-ADB2-E7F8D162BE40}.Debug|Any CPU.ActiveCfg = Debug|Any CPU
		{2DF59A5C-BB2D-4F2F-ADB2-E7F8D162BE40}.Debug|Any CPU.Build.0 = Debug|Any CPU
		{2DF59A5C-BB2D-4F2F-ADB2-E7F8D162BE40}.Release|Any CPU.ActiveCfg = Release|Any CPU
		{2DF59A5C-BB2D-4F2F-ADB2-E7F8D162BE40}.Release|Any CPU.Build.0 = Release|Any CPU
	EndGlobalSection
	GlobalSection(SolutionProperties) = preSolution
		HideSolutionNode = FALSE
	EndGlobalSection
	GlobalSection(ExtensibilityGlobals) = postSolution
		SolutionGuid = {EC6E06DF-2561-45D1-AEAD-D48A492A48C3}
	EndGlobalSection
EndGlobal
